// !$*UTF8*$!
{
	archiveVersion = 1;
	classes = {
	};
	objectVersion = 46;
	objects = {

/* Begin PBXBuildFile section */
		C211BA711CCCF47500A431A8 /* main.m in Sources */ = {isa = PBXBuildFile; fileRef = C211BA701CCCF47500A431A8 /* main.m */; };
		C211BA741CCCF47500A431A8 /* AppDelegate.m in Sources */ = {isa = PBXBuildFile; fileRef = C211BA731CCCF47500A431A8 /* AppDelegate.m */; };
		C211BA771CCCF47500A431A8 /* ViewController.m in Sources */ = {isa = PBXBuildFile; fileRef = C211BA761CCCF47500A431A8 /* ViewController.m */; };
		C211BA7A1CCCF47500A431A8 /* Main.storyboard in Resources */ = {isa = PBXBuildFile; fileRef = C211BA781CCCF47500A431A8 /* Main.storyboard */; };
		C211BA7D1CCCF47500A431A8 /* ______yst.xcdatamodeld in Sources */ = {isa = PBXBuildFile; fileRef = C211BA7B1CCCF47500A431A8 /* ______yst.xcdatamodeld */; };
		C211BA7F1CCCF47500A431A8 /* Assets.xcassets in Resources */ = {isa = PBXBuildFile; fileRef = C211BA7E1CCCF47500A431A8 /* Assets.xcassets */; };
		C211BA821CCCF47500A431A8 /* LaunchScreen.storyboard in Resources */ = {isa = PBXBuildFile; fileRef = C211BA801CCCF47500A431A8 /* LaunchScreen.storyboard */; };
		C211BA8D1CCCF47500A431A8 /* ______ystTests.m in Sources */ = {isa = PBXBuildFile; fileRef = C211BA8C1CCCF47500A431A8 /* ______ystTests.m */; };
		C211BA981CCCF47500A431A8 /* ______ystUITests.m in Sources */ = {isa = PBXBuildFile; fileRef = C211BA971CCCF47500A431A8 /* ______ystUITests.m */; };
		C211BAAA1CCCF4E400A431A8 /* FirstViewController.m in Sources */ = {isa = PBXBuildFile; fileRef = C211BAA91CCCF4E400A431A8 /* FirstViewController.m */; };
		C211BAAD1CCCFCF900A431A8 /* SecendViewController.m in Sources */ = {isa = PBXBuildFile; fileRef = C211BAAC1CCCFCF900A431A8 /* SecendViewController.m */; };
		C211BAB01CCCFD0800A431A8 /* ThirdViewController.m in Sources */ = {isa = PBXBuildFile; fileRef = C211BAAF1CCCFD0800A431A8 /* ThirdViewController.m */; };
		C211BAB31CCCFD1600A431A8 /* FourthViewController.m in Sources */ = {isa = PBXBuildFile; fileRef = C211BAB21CCCFD1600A431A8 /* FourthViewController.m */; };
		C211BAB61CCCFD2000A431A8 /* FivethViewController.m in Sources */ = {isa = PBXBuildFile; fileRef = C211BAB51CCCFD2000A431A8 /* FivethViewController.m */; };
		C211BAB91CCCFD2D00A431A8 /* SixthViewController.m in Sources */ = {isa = PBXBuildFile; fileRef = C211BAB81CCCFD2D00A431A8 /* SixthViewController.m */; };
		C211BABC1CCCFD4900A431A8 /* SevenViewController.m in Sources */ = {isa = PBXBuildFile; fileRef = C211BABB1CCCFD4900A431A8 /* SevenViewController.m */; };
		C211BABF1CCCFD6900A431A8 /* EightViewController.m in Sources */ = {isa = PBXBuildFile; fileRef = C211BABE1CCCFD6900A431A8 /* EightViewController.m */; };
		C211BAC21CCD07C200A431A8 /* secendActepViewController.m in Sources */ = {isa = PBXBuildFile; fileRef = C211BAC11CCD07C200A431A8 /* secendActepViewController.m */; };
		C211BAC51CCD0EDE00A431A8 /* ThitdActpeViewController.m in Sources */ = {isa = PBXBuildFile; fileRef = C211BAC41CCD0EDE00A431A8 /* ThitdActpeViewController.m */; };
/* End PBXBuildFile section */

/* Begin PBXContainerItemProxy section */
		C211BA891CCCF47500A431A8 /* PBXContainerItemProxy */ = {
			isa = PBXContainerItemProxy;
			containerPortal = C211BA641CCCF47500A431A8 /* Project object */;
			proxyType = 1;
			remoteGlobalIDString = C211BA6B1CCCF47500A431A8;
			remoteInfo = "传值练习 _yst";
		};
		C211BA941CCCF47500A431A8 /* PBXContainerItemProxy */ = {
			isa = PBXContainerItemProxy;
			containerPortal = C211BA641CCCF47500A431A8 /* Project object */;
			proxyType = 1;
			remoteGlobalIDString = C211BA6B1CCCF47500A431A8;
			remoteInfo = "传值练习 _yst";
		};
/* End PBXContainerItemProxy section */

/* Begin PBXFileReference section */
		C211BA6C1CCCF47500A431A8 /* 传值练习 _yst.app */ = {isa = PBXFileReference; explicitFileType = wrapper.application; includeInIndex = 0; path = "传值练习 _yst.app"; sourceTree = BUILT_PRODUCTS_DIR; };
		C211BA701CCCF47500A431A8 /* main.m */ = {isa = PBXFileReference; lastKnownFileType = sourcecode.c.objc; path = main.m; sourceTree = "<group>"; };
		C211BA721CCCF47500A431A8 /* AppDelegate.h */ = {isa = PBXFileReference; lastKnownFileType = sourcecode.c.h; path = AppDelegate.h; sourceTree = "<group>"; };
		C211BA731CCCF47500A431A8 /* AppDelegate.m */ = {isa = PBXFileReference; lastKnownFileType = sourcecode.c.objc; path = AppDelegate.m; sourceTree = "<group>"; };
		C211BA751CCCF47500A431A8 /* ViewController.h */ = {isa = PBXFileReference; lastKnownFileType = sourcecode.c.h; path = ViewController.h; sourceTree = "<group>"; };
		C211BA761CCCF47500A431A8 /* ViewController.m */ = {isa = PBXFileReference; lastKnownFileType = sourcecode.c.objc; path = ViewController.m; sourceTree = "<group>"; };
		C211BA791CCCF47500A431A8 /* Base */ = {isa = PBXFileReference; lastKnownFileType = file.storyboard; name = Base; path = Base.lproj/Main.storyboard; sourceTree = "<group>"; };
		C211BA7C1CCCF47500A431A8 /* ______yst.xcdatamodel */ = {isa = PBXFileReference; lastKnownFileType = wrapper.xcdatamodel; path = "______yst.xcdatamodel"; sourceTree = "<group>"; };
		C211BA7E1CCCF47500A431A8 /* Assets.xcassets */ = {isa = PBXFileReference; lastKnownFileType = folder.assetcatalog; path = Assets.xcassets; sourceTree = "<group>"; };
		C211BA811CCCF47500A431A8 /* Base */ = {isa = PBXFileReference; lastKnownFileType = file.storyboard; name = Base; path = Base.lproj/LaunchScreen.storyboard; sourceTree = "<group>"; };
		C211BA831CCCF47500A431A8 /* Info.plist */ = {isa = PBXFileReference; lastKnownFileType = text.plist.xml; path = Info.plist; sourceTree = "<group>"; };
		C211BA881CCCF47500A431A8 /* 传值练习 _ystTests.xctest */ = {isa = PBXFileReference; explicitFileType = wrapper.cfbundle; includeInIndex = 0; path = "传值练习 _ystTests.xctest"; sourceTree = BUILT_PRODUCTS_DIR; };
		C211BA8C1CCCF47500A431A8 /* ______ystTests.m */ = {isa = PBXFileReference; lastKnownFileType = sourcecode.c.objc; path = "______ystTests.m"; sourceTree = "<group>"; };
		C211BA8E1CCCF47500A431A8 /* Info.plist */ = {isa = PBXFileReference; lastKnownFileType = text.plist.xml; path = Info.plist; sourceTree = "<group>"; };
		C211BA931CCCF47500A431A8 /* 传值练习 _ystUITests.xctest */ = {isa = PBXFileReference; explicitFileType = wrapper.cfbundle; includeInIndex = 0; path = "传值练习 _ystUITests.xctest"; sourceTree = BUILT_PRODUCTS_DIR; };
		C211BA971CCCF47500A431A8 /* ______ystUITests.m */ = {isa = PBXFileReference; lastKnownFileType = sourcecode.c.objc; path = "______ystUITests.m"; sourceTree = "<group>"; };
		C211BA991CCCF47500A431A8 /* Info.plist */ = {isa = PBXFileReference; lastKnownFileType = text.plist.xml; path = Info.plist; sourceTree = "<group>"; };
		C211BAA81CCCF4E400A431A8 /* FirstViewController.h */ = {isa = PBXFileReference; fileEncoding = 4; lastKnownFileType = sourcecode.c.h; path = FirstViewController.h; sourceTree = "<group>"; };
		C211BAA91CCCF4E400A431A8 /* FirstViewController.m */ = {isa = PBXFileReference; fileEncoding = 4; lastKnownFileType = sourcecode.c.objc; path = FirstViewController.m; sourceTree = "<group>"; };
		C211BAAB1CCCFCF900A431A8 /* SecendViewController.h */ = {isa = PBXFileReference; fileEncoding = 4; lastKnownFileType = sourcecode.c.h; path = SecendViewController.h; sourceTree = "<group>"; };
		C211BAAC1CCCFCF900A431A8 /* SecendViewController.m */ = {isa = PBXFileReference; fileEncoding = 4; lastKnownFileType = sourcecode.c.objc; path = SecendViewController.m; sourceTree = "<group>"; };
		C211BAAE1CCCFD0800A431A8 /* ThirdViewController.h */ = {isa = PBXFileReference; fileEncoding = 4; lastKnownFileType = sourcecode.c.h; path = ThirdViewController.h; sourceTree = "<group>"; };
		C211BAAF1CCCFD0800A431A8 /* ThirdViewController.m */ = {isa = PBXFileReference; fileEncoding = 4; lastKnownFileType = sourcecode.c.objc; path = ThirdViewController.m; sourceTree = "<group>"; };
		C211BAB11CCCFD1600A431A8 /* FourthViewController.h */ = {isa = PBXFileReference; fileEncoding = 4; lastKnownFileType = sourcecode.c.h; path = FourthViewController.h; sourceTree = "<group>"; };
		C211BAB21CCCFD1600A431A8 /* FourthViewController.m */ = {isa = PBXFileReference; fileEncoding = 4; lastKnownFileType = sourcecode.c.objc; path = FourthViewController.m; sourceTree = "<group>"; };
		C211BAB41CCCFD2000A431A8 /* FivethViewController.h */ = {isa = PBXFileReference; fileEncoding = 4; lastKnownFileType = sourcecode.c.h; path = FivethViewController.h; sourceTree = "<group>"; };
		C211BAB51CCCFD2000A431A8 /* FivethViewController.m */ = {isa = PBXFileReference; fileEncoding = 4; lastKnownFileType = sourcecode.c.objc; path = FivethViewController.m; sourceTree = "<group>"; };
		C211BAB71CCCFD2D00A431A8 /* SixthViewController.h */ = {isa = PBXFileReference; fileEncoding = 4; lastKnownFileType = sourcecode.c.h; path = SixthViewController.h; sourceTree = "<group>"; };
		C211BAB81CCCFD2D00A431A8 /* SixthViewController.m */ = {isa = PBXFileReference; fileEncoding = 4; lastKnownFileType = sourcecode.c.objc; path = SixthViewController.m; sourceTree = "<group>"; };
		C211BABA1CCCFD4900A431A8 /* SevenViewController.h */ = {isa = PBXFileReference; fileEncoding = 4; lastKnownFileType = sourcecode.c.h; path = SevenViewController.h; sourceTree = "<group>"; };
		C211BABB1CCCFD4900A431A8 /* SevenViewController.m */ = {isa = PBXFileReference; fileEncoding = 4; lastKnownFileType = sourcecode.c.objc; path = SevenViewController.m; sourceTree = "<group>"; };
		C211BABD1CCCFD6900A431A8 /* EightViewController.h */ = {isa = PBXFileReference; fileEncoding = 4; lastKnownFileType = sourcecode.c.h; path = EightViewController.h; sourceTree = "<group>"; };
		C211BABE1CCCFD6900A431A8 /* EightViewController.m */ = {isa = PBXFileReference; fileEncoding = 4; lastKnownFileType = sourcecode.c.objc; path = EightViewController.m; sourceTree = "<group>"; };
		C211BAC01CCD07C200A431A8 /* secendActepViewController.h */ = {isa = PBXFileReference; fileEncoding = 4; lastKnownFileType = sourcecode.c.h; path = secendActepViewController.h; sourceTree = "<group>"; };
		C211BAC11CCD07C200A431A8 /* secendActepViewController.m */ = {isa = PBXFileReference; fileEncoding = 4; lastKnownFileType = sourcecode.c.objc; path = secendActepViewController.m; sourceTree = "<group>"; };
		C211BAC31CCD0EDE00A431A8 /* ThitdActpeViewController.h */ = {isa = PBXFileReference; fileEncoding = 4; lastKnownFileType = sourcecode.c.h; path = ThitdActpeViewController.h; sourceTree = "<group>"; };
		C211BAC41CCD0EDE00A431A8 /* ThitdActpeViewController.m */ = {isa = PBXFileReference; fileEncoding = 4; lastKnownFileType = sourcecode.c.objc; path = ThitdActpeViewController.m; sourceTree = "<group>"; };
/* End PBXFileReference section */

/* Begin PBXFrameworksBuildPhase section */
		C211BA691CCCF47500A431A8 /* Frameworks */ = {
			isa = PBXFrameworksBuildPhase;
			buildActionMask = 2147483647;
			files = (
			);
			runOnlyForDeploymentPostprocessing = 0;
		};
		C211BA851CCCF47500A431A8 /* Frameworks */ = {
			isa = PBXFrameworksBuildPhase;
			buildActionMask = 2147483647;
			files = (
			);
			runOnlyForDeploymentPostprocessing = 0;
		};
		C211BA901CCCF47500A431A8 /* Frameworks */ = {
			isa = PBXFrameworksBuildPhase;
			buildActionMask = 2147483647;
			files = (
			);
			runOnlyForDeploymentPostprocessing = 0;
		};
/* End PBXFrameworksBuildPhase section */

/* Begin PBXGroup section */
		C211BA631CCCF47500A431A8 = {
			isa = PBXGroup;
			children = (
				C211BA6E1CCCF47500A431A8 /* 传值练习 _yst */,
				C211BA8B1CCCF47500A431A8 /* 传值练习 _ystTests */,
				C211BA961CCCF47500A431A8 /* 传值练习 _ystUITests */,
				C211BA6D1CCCF47500A431A8 /* Products */,
			);
			sourceTree = "<group>";
		};
		C211BA6D1CCCF47500A431A8 /* Products */ = {
			isa = PBXGroup;
			children = (
				C211BA6C1CCCF47500A431A8 /* 传值练习 _yst.app */,
				C211BA881CCCF47500A431A8 /* 传值练习 _ystTests.xctest */,
				C211BA931CCCF47500A431A8 /* 传值练习 _ystUITests.xctest */,
			);
			name = Products;
			sourceTree = "<group>";
		};
		C211BA6E1CCCF47500A431A8 /* 传值练习 _yst */ = {
			isa = PBXGroup;
			children = (
				C211BA721CCCF47500A431A8 /* AppDelegate.h */,
				C211BA731CCCF47500A431A8 /* AppDelegate.m */,
				C211BA751CCCF47500A431A8 /* ViewController.h */,
				C211BA761CCCF47500A431A8 /* ViewController.m */,
				C211BA781CCCF47500A431A8 /* Main.storyboard */,
				C211BAA81CCCF4E400A431A8 /* FirstViewController.h */,
				C211BAA91CCCF4E400A431A8 /* FirstViewController.m */,
				C211BAAB1CCCFCF900A431A8 /* SecendViewController.h */,
				C211BAAC1CCCFCF900A431A8 /* SecendViewController.m */,
				C211BAC01CCD07C200A431A8 /* secendActepViewController.h */,
				C211BAC11CCD07C200A431A8 /* secendActepViewController.m */,
				C211BAAE1CCCFD0800A431A8 /* ThirdViewController.h */,
				C211BAAF1CCCFD0800A431A8 /* ThirdViewController.m */,
				C211BAC31CCD0EDE00A431A8 /* ThitdActpeViewController.h */,
				C211BAC41CCD0EDE00A431A8 /* ThitdActpeViewController.m */,
				C211BAB11CCCFD1600A431A8 /* FourthViewController.h */,
				C211BAB21CCCFD1600A431A8 /* FourthViewController.m */,
				C211BAB41CCCFD2000A431A8 /* FivethViewController.h */,
				C211BAB51CCCFD2000A431A8 /* FivethViewController.m */,
				C211BAB71CCCFD2D00A431A8 /* SixthViewController.h */,
				C211BAB81CCCFD2D00A431A8 /* SixthViewController.m */,
				C211BABA1CCCFD4900A431A8 /* SevenViewController.h */,
				C211BABB1CCCFD4900A431A8 /* SevenViewController.m */,
				C211BABD1CCCFD6900A431A8 /* EightViewController.h */,
				C211BABE1CCCFD6900A431A8 /* EightViewController.m */,
				C211BA7E1CCCF47500A431A8 /* Assets.xcassets */,
				C211BA801CCCF47500A431A8 /* LaunchScreen.storyboard */,
				C211BA831CCCF47500A431A8 /* Info.plist */,
				C211BA7B1CCCF47500A431A8 /* ______yst.xcdatamodeld */,
				C211BA6F1CCCF47500A431A8 /* Supporting Files */,
			);
			path = "传值练习 _yst";
			sourceTree = "<group>";
		};
		C211BA6F1CCCF47500A431A8 /* Supporting Files */ = {
			isa = PBXGroup;
			children = (
				C211BA701CCCF47500A431A8 /* main.m */,
			);
			name = "Supporting Files";
			sourceTree = "<group>";
		};
		C211BA8B1CCCF47500A431A8 /* 传值练习 _ystTests */ = {
			isa = PBXGroup;
			children = (
				C211BA8C1CCCF47500A431A8 /* ______ystTests.m */,
				C211BA8E1CCCF47500A431A8 /* Info.plist */,
			);
			path = "传值练习 _ystTests";
			sourceTree = "<group>";
		};
		C211BA961CCCF47500A431A8 /* 传值练习 _ystUITests */ = {
			isa = PBXGroup;
			children = (
				C211BA971CCCF47500A431A8 /* ______ystUITests.m */,
				C211BA991CCCF47500A431A8 /* Info.plist */,
			);
			path = "传值练习 _ystUITests";
			sourceTree = "<group>";
		};
/* End PBXGroup section */

/* Begin PBXNativeTarget section */
		C211BA6B1CCCF47500A431A8 /* 传值练习 _yst */ = {
			isa = PBXNativeTarget;
			buildConfigurationList = C211BA9C1CCCF47500A431A8 /* Build configuration list for PBXNativeTarget "传值练习 _yst" */;
			buildPhases = (
				C211BA681CCCF47500A431A8 /* Sources */,
				C211BA691CCCF47500A431A8 /* Frameworks */,
				C211BA6A1CCCF47500A431A8 /* Resources */,
			);
			buildRules = (
			);
			dependencies = (
			);
			name = "传值练习 _yst";
			productName = "传值练习 _yst";
			productReference = C211BA6C1CCCF47500A431A8 /* 传值练习 _yst.app */;
			productType = "com.apple.product-type.application";
		};
		C211BA871CCCF47500A431A8 /* 传值练习 _ystTests */ = {
			isa = PBXNativeTarget;
			buildConfigurationList = C211BA9F1CCCF47500A431A8 /* Build configuration list for PBXNativeTarget "传值练习 _ystTests" */;
			buildPhases = (
				C211BA841CCCF47500A431A8 /* Sources */,
				C211BA851CCCF47500A431A8 /* Frameworks */,
				C211BA861CCCF47500A431A8 /* Resources */,
			);
			buildRules = (
			);
			dependencies = (
				C211BA8A1CCCF47500A431A8 /* PBXTargetDependency */,
			);
			name = "传值练习 _ystTests";
			productName = "传值练习 _ystTests";
			productReference = C211BA881CCCF47500A431A8 /* 传值练习 _ystTests.xctest */;
			productType = "com.apple.product-type.bundle.unit-test";
		};
		C211BA921CCCF47500A431A8 /* 传值练习 _ystUITests */ = {
			isa = PBXNativeTarget;
			buildConfigurationList = C211BAA21CCCF47500A431A8 /* Build configuration list for PBXNativeTarget "传值练习 _ystUITests" */;
			buildPhases = (
				C211BA8F1CCCF47500A431A8 /* Sources */,
				C211BA901CCCF47500A431A8 /* Frameworks */,
				C211BA911CCCF47500A431A8 /* Resources */,
			);
			buildRules = (
			);
			dependencies = (
				C211BA951CCCF47500A431A8 /* PBXTargetDependency */,
			);
			name = "传值练习 _ystUITests";
			productName = "传值练习 _ystUITests";
			productReference = C211BA931CCCF47500A431A8 /* 传值练习 _ystUITests.xctest */;
			productType = "com.apple.product-type.bundle.ui-testing";
		};
/* End PBXNativeTarget section */

/* Begin PBXProject section */
		C211BA641CCCF47500A431A8 /* Project object */ = {
			isa = PBXProject;
			attributes = {
				LastUpgradeCheck = 0720;
				ORGANIZATIONNAME = YST;
				TargetAttributes = {
					C211BA6B1CCCF47500A431A8 = {
						CreatedOnToolsVersion = 7.2;
						DevelopmentTeam = TA5737D738;
					};
					C211BA871CCCF47500A431A8 = {
						CreatedOnToolsVersion = 7.2;
						DevelopmentTeam = TA5737D738;
						TestTargetID = C211BA6B1CCCF47500A431A8;
					};
					C211BA921CCCF47500A431A8 = {
						CreatedOnToolsVersion = 7.2;
						DevelopmentTeam = TA5737D738;
						TestTargetID = C211BA6B1CCCF47500A431A8;
					};
				};
			};
			buildConfigurationList = C211BA671CCCF47500A431A8 /* Build configuration list for PBXProject "传值练习 _yst" */;
			compatibilityVersion = "Xcode 3.2";
			developmentRegion = English;
			hasScannedForEncodings = 0;
			knownRegions = (
				en,
				Base,
			);
			mainGroup = C211BA631CCCF47500A431A8;
			productRefGroup = C211BA6D1CCCF47500A431A8 /* Products */;
			projectDirPath = "";
			projectRoot = "";
			targets = (
				C211BA6B1CCCF47500A431A8 /* 传值练习 _yst */,
				C211BA871CCCF47500A431A8 /* 传值练习 _ystTests */,
				C211BA921CCCF47500A431A8 /* 传值练习 _ystUITests */,
			);
		};
/* End PBXProject section */

/* Begin PBXResourcesBuildPhase section */
		C211BA6A1CCCF47500A431A8 /* Resources */ = {
			isa = PBXResourcesBuildPhase;
			buildActionMask = 2147483647;
			files = (
				C211BA821CCCF47500A431A8 /* LaunchScreen.storyboard in Resources */,
				C211BA7F1CCCF47500A431A8 /* Assets.xcassets in Resources */,
				C211BA7A1CCCF47500A431A8 /* Main.storyboard in Resources */,
			);
			runOnlyForDeploymentPostprocessing = 0;
		};
		C211BA861CCCF47500A431A8 /* Resources */ = {
			isa = PBXResourcesBuildPhase;
			buildActionMask = 2147483647;
			files = (
			);
			runOnlyForDeploymentPostprocessing = 0;
		};
		C211BA911CCCF47500A431A8 /* Resources */ = {
			isa = PBXResourcesBuildPhase;
			buildActionMask = 2147483647;
			files = (
			);
			runOnlyForDeploymentPostprocessing = 0;
		};
/* End PBXResourcesBuildPhase section */

/* Begin PBXSourcesBuildPhase section */
		C211BA681CCCF47500A431A8 /* Sources */ = {
			isa = PBXSourcesBuildPhase;
			buildActionMask = 2147483647;
			files = (
				C211BAB31CCCFD1600A431A8 /* FourthViewController.m in Sources */,
				C211BA7D1CCCF47500A431A8 /* ______yst.xcdatamodeld in Sources */,
				C211BAB61CCCFD2000A431A8 /* FivethViewController.m in Sources */,
				C211BABC1CCCFD4900A431A8 /* SevenViewController.m in Sources */,
				C211BA771CCCF47500A431A8 /* ViewController.m in Sources */,
				C211BAAD1CCCFCF900A431A8 /* SecendViewController.m in Sources */,
				C211BAAA1CCCF4E400A431A8 /* FirstViewController.m in Sources */,
				C211BA741CCCF47500A431A8 /* AppDelegate.m in Sources */,
				C211BABF1CCCFD6900A431A8 /* EightViewController.m in Sources */,
				C211BA711CCCF47500A431A8 /* main.m in Sources */,
				C211BAB01CCCFD0800A431A8 /* ThirdViewController.m in Sources */,
				C211BAB91CCCFD2D00A431A8 /* SixthViewController.m in Sources */,
				C211BAC51CCD0EDE00A431A8 /* ThitdActpeViewController.m in Sources */,
				C211BAC21CCD07C200A431A8 /* secendActepViewController.m in Sources */,
			);
			runOnlyForDeploymentPostprocessing = 0;
		};
		C211BA841CCCF47500A431A8 /* Sources */ = {
			isa = PBXSourcesBuildPhase;
			buildActionMask = 2147483647;
			files = (
				C211BA8D1CCCF47500A431A8 /* ______ystTests.m in Sources */,
			);
			runOnlyForDeploymentPostprocessing = 0;
		};
		C211BA8F1CCCF47500A431A8 /* Sources */ = {
			isa = PBXSourcesBuildPhase;
			buildActionMask = 2147483647;
			files = (
				C211BA981CCCF47500A431A8 /* ______ystUITests.m in Sources */,
			);
			runOnlyForDeploymentPostprocessing = 0;
		};
/* End PBXSourcesBuildPhase section */

/* Begin PBXTargetDependency section */
		C211BA8A1CCCF47500A431A8 /* PBXTargetDependency */ = {
			isa = PBXTargetDependency;
			target = C211BA6B1CCCF47500A431A8 /* 传值练习 _yst */;
			targetProxy = C211BA891CCCF47500A431A8 /* PBXContainerItemProxy */;
		};
		C211BA951CCCF47500A431A8 /* PBXTargetDependency */ = {
			isa = PBXTargetDependency;
			target = C211BA6B1CCCF47500A431A8 /* 传值练习 _yst */;
			targetProxy = C211BA941CCCF47500A431A8 /* PBXContainerItemProxy */;
		};
/* End PBXTargetDependency section */

/* Begin PBXVariantGroup section */
		C211BA781CCCF47500A431A8 /* Main.storyboard */ = {
			isa = PBXVariantGroup;
			children = (
				C211BA791CCCF47500A431A8 /* Base */,
			);
			name = Main.storyboard;
			sourceTree = "<group>";
		};
		C211BA801CCCF47500A431A8 /* LaunchScreen.storyboard */ = {
			isa = PBXVariantGroup;
			children = (
				C211BA811CCCF47500A431A8 /* Base */,
			);
			name = LaunchScreen.storyboard;
			sourceTree = "<group>";
		};
/* End PBXVariantGroup section */

/* Begin XCBuildConfiguration section */
		C211BA9A1CCCF47500A431A8 /* Debug */ = {
			isa = XCBuildConfiguration;
			buildSettings = {
				ALWAYS_SEARCH_USER_PATHS = NO;
				CLANG_CXX_LANGUAGE_STANDARD = "gnu++0x";
				CLANG_CXX_LIBRARY = "libc++";
				CLANG_ENABLE_MODULES = YES;
				CLANG_ENABLE_OBJC_ARC = YES;
				CLANG_WARN_BOOL_CONVERSION = YES;
				CLANG_WARN_CONSTANT_CONVERSION = YES;
				CLANG_WARN_DIRECT_OBJC_ISA_USAGE = YES_ERROR;
				CLANG_WARN_EMPTY_BODY = YES;
				CLANG_WARN_ENUM_CONVERSION = YES;
				CLANG_WARN_INT_CONVERSION = YES;
				CLANG_WARN_OBJC_ROOT_CLASS = YES_ERROR;
				CLANG_WARN_UNREACHABLE_CODE = YES;
				CLANG_WARN__DUPLICATE_METHOD_MATCH = YES;
				"CODE_SIGN_IDENTITY[sdk=iphoneos*]" = "iPhone Developer";
				COPY_PHASE_STRIP = NO;
				DEBUG_INFORMATION_FORMAT = dwarf;
				ENABLE_STRICT_OBJC_MSGSEND = YES;
				ENABLE_TESTABILITY = YES;
				GCC_C_LANGUAGE_STANDARD = gnu99;
				GCC_DYNAMIC_NO_PIC = NO;
				GCC_NO_COMMON_BLOCKS = YES;
				GCC_OPTIMIZATION_LEVEL = 0;
				GCC_PREPROCESSOR_DEFINITIONS = (
					"DEBUG=1",
					"$(inherited)",
				);
				GCC_WARN_64_TO_32_BIT_CONVERSION = YES;
				GCC_WARN_ABOUT_RETURN_TYPE = YES_ERROR;
				GCC_WARN_UNDECLARED_SELECTOR = YES;
				GCC_WARN_UNINITIALIZED_AUTOS = YES_AGGRESSIVE;
				GCC_WARN_UNUSED_FUNCTION = YES;
				GCC_WARN_UNUSED_VARIABLE = YES;
				IPHONEOS_DEPLOYMENT_TARGET = 9.2;
				MTL_ENABLE_DEBUG_INFO = YES;
				ONLY_ACTIVE_ARCH = YES;
				SDKROOT = iphoneos;
				TARGETED_DEVICE_FAMILY = "1,2";
			};
			name = Debug;
		};
		C211BA9B1CCCF47500A431A8 /* Release */ = {
			isa = XCBuildConfiguration;
			buildSettings = {
				ALWAYS_SEARCH_USER_PATHS = NO;
				CLANG_CXX_LANGUAGE_STANDARD = "gnu++0x";
				CLANG_CXX_LIBRARY = "libc++";
				CLANG_ENABLE_MODULES = YES;
				CLANG_ENABLE_OBJC_ARC = YES;
				CLANG_WARN_BOOL_CONVERSION = YES;
				CLANG_WARN_CONSTANT_CONVERSION = YES;
				CLANG_WARN_DIRECT_OBJC_ISA_USAGE = YES_ERROR;
				CLANG_WARN_EMPTY_BODY = YES;
				CLANG_WARN_ENUM_CONVERSION = YES;
				CLANG_WARN_INT_CONVERSION = YES;
				CLANG_WARN_OBJC_ROOT_CLASS = YES_ERROR;
				CLANG_WARN_UNREACHABLE_CODE = YES;
				CLANG_WARN__DUPLICATE_METHOD_MATCH = YES;
				"CODE_SIGN_IDENTITY[sdk=iphoneos*]" = "iPhone Developer";
				COPY_PHASE_STRIP = NO;
				DEBUG_INFORMATION_FORMAT = "dwarf-with-dsym";
				ENABLE_NS_ASSERTIONS = NO;
				ENABLE_STRICT_OBJC_MSGSEND = YES;
				GCC_C_LANGUAGE_STANDARD = gnu99;
				GCC_NO_COMMON_BLOCKS = YES;
				GCC_WARN_64_TO_32_BIT_CONVERSION = YES;
				GCC_WARN_ABOUT_RETURN_TYPE = YES_ERROR;
				GCC_WARN_UNDECLARED_SELECTOR = YES;
				GCC_WARN_UNINITIALIZED_AUTOS = YES_AGGRESSIVE;
				GCC_WARN_UNUSED_FUNCTION = YES;
				GCC_WARN_UNUSED_VARIABLE = YES;
				IPHONEOS_DEPLOYMENT_TARGET = 9.2;
				MTL_ENABLE_DEBUG_INFO = NO;
				SDKROOT = iphoneos;
				TARGETED_DEVICE_FAMILY = "1,2";
				VALIDATE_PRODUCT = YES;
			};
			name = Release;
		};
		C211BA9D1CCCF47500A431A8 /* Debug */ = {
			isa = XCBuildConfiguration;
			buildSettings = {
				ASSETCATALOG_COMPILER_APPICON_NAME = AppIcon;
				INFOPLIST_FILE = "传值练习 _yst/Info.plist";
				LD_RUNPATH_SEARCH_PATHS = "$(inherited) @executable_path/Frameworks";
				PRODUCT_BUNDLE_IDENTIFIER = "com.1130172064.------yst";
				PRODUCT_NAME = "$(TARGET_NAME)";
			};
			name = Debug;
		};
		C211BA9E1CCCF47500A431A8 /* Release */ = {
			isa = XCBuildConfiguration;
			buildSettings = {
				ASSETCATALOG_COMPILER_APPICON_NAME = AppIcon;
				INFOPLIST_FILE = "传值练习 _yst/Info.plist";
				LD_RUNPATH_SEARCH_PATHS = "$(inherited) @executable_path/Frameworks";
				PRODUCT_BUNDLE_IDENTIFIER = "com.1130172064.------yst";
				PRODUCT_NAME = "$(TARGET_NAME)";
			};
			name = Release;
		};
		C211BAA01CCCF47500A431A8 /* Debug */ = {
			isa = XCBuildConfiguration;
			buildSettings = {
				BUNDLE_LOADER = "$(TEST_HOST)";
				INFOPLIST_FILE = "传值练习 _ystTests/Info.plist";
				LD_RUNPATH_SEARCH_PATHS = "$(inherited) @executable_path/Frameworks @loader_path/Frameworks";
				PRODUCT_BUNDLE_IDENTIFIER = "com.1130172064.------ystTests";
				PRODUCT_NAME = "$(TARGET_NAME)";
				TEST_HOST = "$(BUILT_PRODUCTS_DIR)/传值练习 _yst.app/传值练习 _yst";
			};
			name = Debug;
		};
		C211BAA11CCCF47500A431A8 /* Release */ = {
			isa = XCBuildConfiguration;
			buildSettings = {
				BUNDLE_LOADER = "$(TEST_HOST)";
				INFOPLIST_FILE = "传值练习 _ystTests/Info.plist";
				LD_RUNPATH_SEARCH_PATHS = "$(inherited) @executable_path/Frameworks @loader_path/Frameworks";
				PRODUCT_BUNDLE_IDENTIFIER = "com.1130172064.------ystTests";
				PRODUCT_NAME = "$(TARGET_NAME)";
				TEST_HOST = "$(BUILT_PRODUCTS_DIR)/传值练习 _yst.app/传值练习 _yst";
			};
			name = Release;
		};
		C211BAA31CCCF47500A431A8 /* Debug */ = {
			isa = XCBuildConfiguration;
			buildSettings = {
				INFOPLIST_FILE = "传值练习 _ystUITests/Info.plist";
				LD_RUNPATH_SEARCH_PATHS = "$(inherited) @executable_path/Frameworks @loader_path/Frameworks";
				PRODUCT_BUNDLE_IDENTIFIER = "com.1130172064.------ystUITests";
				PRODUCT_NAME = "$(TARGET_NAME)";
				TEST_TARGET_NAME = "传值练习 _yst";
				USES_XCTRUNNER = YES;
			};
			name = Debug;
		};
		C211BAA41CCCF47500A431A8 /* Release */ = {
			isa = XCBuildConfiguration;
			buildSettings = {
				INFOPLIST_FILE = "传值练习 _ystUITests/Info.plist";
				LD_RUNPATH_SEARCH_PATHS = "$(inherited) @executable_path/Frameworks @loader_path/Frameworks";
				PRODUCT_BUNDLE_IDENTIFIER = "com.1130172064.------ystUITests";
				PRODUCT_NAME = "$(TARGET_NAME)";
				TEST_TARGET_NAME = "传值练习 _yst";
				USES_XCTRUNNER = YES;
			};
			name = Release;
		};
/* End XCBuildConfiguration section */

/* Begin XCConfigurationList section */
		C211BA671CCCF47500A431A8 /* Build configuration list for PBXProject "传值练习 _yst" */ = {
			isa = XCConfigurationList;
			buildConfigurations = (
				C211BA9A1CCCF47500A431A8 /* Debug */,
				C211BA9B1CCCF47500A431A8 /* Release */,
			);
			defaultConfigurationIsVisible = 0;
			defaultConfigurationName = Release;
		};
		C211BA9C1CCCF47500A431A8 /* Build configuration list for PBXNativeTarget "传值练习 _yst" */ = {
			isa = XCConfigurationList;
			buildConfigurations = (
				C211BA9D1CCCF47500A431A8 /* Debug */,
				C211BA9E1CCCF47500A431A8 /* Release */,
			);
			defaultConfigurationIsVisible = 0;
		};
		C211BA9F1CCCF47500A431A8 /* Build configuration list for PBXNativeTarget "传值练习 _ystTests" */ = {
			isa = XCConfigurationList;
			buildConfigurations = (
				C211BAA01CCCF47500A431A8 /* Debug */,
				C211BAA11CCCF47500A431A8 /* Release */,
			);
			defaultConfigurationIsVisible = 0;
		};
		C211BAA21CCCF47500A431A8 /* Build configuration list for PBXNativeTarget "传值练习 _ystUITests" */ = {
			isa = XCConfigurationList;
			buildConfigurations = (
				C211BAA31CCCF47500A431A8 /* Debug */,
				C211BAA41CCCF47500A431A8 /* Release */,
			);
			defaultConfigurationIsVisible = 0;
		};
/* End XCConfigurationList section */

/* Begin XCVersionGroup section */
		C211BA7B1CCCF47500A431A8 /* ______yst.xcdatamodeld */ = {
			isa = XCVersionGroup;
			children = (
				C211BA7C1CCCF47500A431A8 /* ______yst.xcdatamodel */,
			);
			currentVersion = C211BA7C1CCCF47500A431A8 /* ______yst.xcdatamodel */;
			path = "______yst.xcdatamodeld";
			sourceTree = "<group>";
			versionGroupType = wrapper.xcdatamodel;
		};
/* End XCVersionGroup section */
	};
	rootObject = C211BA641CCCF47500A431A8 /* Project object */;
}
