// !$*UTF8*$!
{
	archiveVersion = 1;
	classes = {
	};
	objectVersion = 46;
	objects = {

/* Begin PBXBuildFile section */
		5C051DF43FBE9D3EE0CFD6B1 /* libPods.a in Frameworks */ = {isa = PBXBuildFile; fileRef = 6DB5C1A782FE78C3F3F7FCFD /* libPods.a */; };
		C203A8F31CC37A45002C2FB9 /* GroupListCell.m in Sources */ = {isa = PBXBuildFile; fileRef = C203A8F21CC37A45002C2FB9 /* GroupListCell.m */; };
		C203A8F61CC37A58002C2FB9 /* HomePageCell.m in Sources */ = {isa = PBXBuildFile; fileRef = C203A8F51CC37A58002C2FB9 /* HomePageCell.m */; };
		C203A8F81CC37A69002C2FB9 /* GroupListCell.xib in Resources */ = {isa = PBXBuildFile; fileRef = C203A8F71CC37A69002C2FB9 /* GroupListCell.xib */; };
		C203A8FA1CC37A72002C2FB9 /* HomePageCell.xib in Resources */ = {isa = PBXBuildFile; fileRef = C203A8F91CC37A72002C2FB9 /* HomePageCell.xib */; };
		C203A9001CC3A181002C2FB9 /* HomePageListViewController.m in Sources */ = {isa = PBXBuildFile; fileRef = C203A8FE1CC3A181002C2FB9 /* HomePageListViewController.m */; };
		C203A9011CC3A181002C2FB9 /* HomePageListViewController.xib in Resources */ = {isa = PBXBuildFile; fileRef = C203A8FF1CC3A181002C2FB9 /* HomePageListViewController.xib */; };
		C203A9041CC3A4B8002C2FB9 /* NetWorkRequestManager.m in Sources */ = {isa = PBXBuildFile; fileRef = C203A9031CC3A4B8002C2FB9 /* NetWorkRequestManager.m */; };
		C286BB7D1CC4D7BB00A0CD0B /* heart.png in Resources */ = {isa = PBXBuildFile; fileRef = C286BB7B1CC4D7BB00A0CD0B /* heart.png */; };
		C286BB7E1CC4D7BB00A0CD0B /* heartgray.png in Resources */ = {isa = PBXBuildFile; fileRef = C286BB7C1CC4D7BB00A0CD0B /* heartgray.png */; };
		C286BB801CC4DCDE00A0CD0B /* 666.png in Resources */ = {isa = PBXBuildFile; fileRef = C286BB7F1CC4DCDE00A0CD0B /* 666.png */; };
		C28A3E701CC86C2100EDF9F5 /* Info.plist in Resources */ = {isa = PBXBuildFile; fileRef = C28A3E6F1CC86C2100EDF9F5 /* Info.plist */; };
		C29159431CC5D8BF009FB972 /* DrawerViewController.m in Sources */ = {isa = PBXBuildFile; fileRef = C291593F1CC5D8BF009FB972 /* DrawerViewController.m */; };
		C29159441CC5D8BF009FB972 /* MenuViewController.m in Sources */ = {isa = PBXBuildFile; fileRef = C29159411CC5D8BF009FB972 /* MenuViewController.m */; };
		C29159451CC5D8BF009FB972 /* MenuViewController.xib in Resources */ = {isa = PBXBuildFile; fileRef = C29159421CC5D8BF009FB972 /* MenuViewController.xib */; };
		C29159471CC5DCD5009FB972 /* nav_menu_icon@2x.png in Resources */ = {isa = PBXBuildFile; fileRef = C29159461CC5DCD5009FB972 /* nav_menu_icon@2x.png */; };
		C29159561CC5E201009FB972 /* SettingViewController.m in Sources */ = {isa = PBXBuildFile; fileRef = C29159541CC5E201009FB972 /* SettingViewController.m */; };
		C29159571CC5E201009FB972 /* SettingViewController.xib in Resources */ = {isa = PBXBuildFile; fileRef = C29159551CC5E201009FB972 /* SettingViewController.xib */; };
		C291595B1CC5E229009FB972 /* SelectBookViewController.m in Sources */ = {isa = PBXBuildFile; fileRef = C29159591CC5E229009FB972 /* SelectBookViewController.m */; };
		C291595C1CC5E229009FB972 /* SelectBookViewController.xib in Resources */ = {isa = PBXBuildFile; fileRef = C291595A1CC5E229009FB972 /* SelectBookViewController.xib */; };
		C29159601CC5E255009FB972 /* CollectActionViewController.m in Sources */ = {isa = PBXBuildFile; fileRef = C291595E1CC5E255009FB972 /* CollectActionViewController.m */; };
		C29159611CC5E255009FB972 /* CollectActionViewController.xib in Resources */ = {isa = PBXBuildFile; fileRef = C291595F1CC5E255009FB972 /* CollectActionViewController.xib */; };
		C29159651CC5E269009FB972 /* SelectHobbyViewController.m in Sources */ = {isa = PBXBuildFile; fileRef = C29159631CC5E269009FB972 /* SelectHobbyViewController.m */; };
		C29159661CC5E269009FB972 /* SelectHobbyViewController.xib in Resources */ = {isa = PBXBuildFile; fileRef = C29159641CC5E269009FB972 /* SelectHobbyViewController.xib */; };
		C291596A1CC5E28A009FB972 /* ModfileViewController.m in Sources */ = {isa = PBXBuildFile; fileRef = C29159681CC5E28A009FB972 /* ModfileViewController.m */; };
		C291596B1CC5E28A009FB972 /* ModfileViewController.xib in Resources */ = {isa = PBXBuildFile; fileRef = C29159691CC5E28A009FB972 /* ModfileViewController.xib */; };
		C291596D1CC5F082009FB972 /* 1.png in Resources */ = {isa = PBXBuildFile; fileRef = C291596C1CC5F082009FB972 /* 1.png */; };
		C29159721CC5F15A009FB972 /* MapAndKindViewController.m in Sources */ = {isa = PBXBuildFile; fileRef = C29159701CC5F15A009FB972 /* MapAndKindViewController.m */; };
		C29159731CC5F15A009FB972 /* MapAndKindViewController.xib in Resources */ = {isa = PBXBuildFile; fileRef = C29159711CC5F15A009FB972 /* MapAndKindViewController.xib */; };
		C29C61B51CC25D8900E44DDC /* main.m in Sources */ = {isa = PBXBuildFile; fileRef = C29C61B41CC25D8900E44DDC /* main.m */; };
		C29C61BB1CC25D8900E44DDC /* ViewController.m in Sources */ = {isa = PBXBuildFile; fileRef = C29C61BA1CC25D8900E44DDC /* ViewController.m */; };
		C29C61BE1CC25D8900E44DDC /* Main.storyboard in Resources */ = {isa = PBXBuildFile; fileRef = C29C61BC1CC25D8900E44DDC /* Main.storyboard */; };
		C29C61C01CC25D8900E44DDC /* Assets.xcassets in Resources */ = {isa = PBXBuildFile; fileRef = C29C61BF1CC25D8900E44DDC /* Assets.xcassets */; };
		C29C61C31CC25D8900E44DDC /* LaunchScreen.storyboard in Resources */ = {isa = PBXBuildFile; fileRef = C29C61C11CC25D8900E44DDC /* LaunchScreen.storyboard */; };
		C29C61DE1CC267F900E44DDC /* BaseModel.m in Sources */ = {isa = PBXBuildFile; fileRef = C29C61DD1CC267F900E44DDC /* BaseModel.m */; };
		C29C61E21CC2681E00E44DDC /* BaseViewController.m in Sources */ = {isa = PBXBuildFile; fileRef = C29C61E01CC2681E00E44DDC /* BaseViewController.m */; };
		C29C61E31CC2681E00E44DDC /* BaseViewController.xib in Resources */ = {isa = PBXBuildFile; fileRef = C29C61E11CC2681E00E44DDC /* BaseViewController.xib */; };
		C29C61E91CC2705400E44DDC /* HomePageListModel.m in Sources */ = {isa = PBXBuildFile; fileRef = C29C61E81CC2705400E44DDC /* HomePageListModel.m */; };
		C29C61EC1CC27A6F00E44DDC /* GroupListModel.m in Sources */ = {isa = PBXBuildFile; fileRef = C29C61EB1CC27A6F00E44DDC /* GroupListModel.m */; };
		C2BB96AA1CC77C4E00090282 /* LocationModel.m in Sources */ = {isa = PBXBuildFile; fileRef = C2BB96A91CC77C4E00090282 /* LocationModel.m */; };
		C2BB96AC1CC77DF600090282 /* CoreLocation.framework in Frameworks */ = {isa = PBXBuildFile; fileRef = C2BB96AB1CC77DF500090282 /* CoreLocation.framework */; };
		C2BB96AF1CC7B60A00090282 /* RequestWithGET.m in Sources */ = {isa = PBXBuildFile; fileRef = C2BB96AE1CC7B60A00090282 /* RequestWithGET.m */; };
		C2C349061CC61BF500082B9D /* AppDelegate.m in Sources */ = {isa = PBXBuildFile; fileRef = C2C349051CC61BF500082B9D /* AppDelegate.m */; };
		C2EA1CC81CC7263B006DA1CC /* secondaryModel.m in Sources */ = {isa = PBXBuildFile; fileRef = C2EA1CC71CC7263B006DA1CC /* secondaryModel.m */; };
		C2EA1CCB1CC72867006DA1CC /* SecondaryTableViewController.m in Sources */ = {isa = PBXBuildFile; fileRef = C2EA1CCA1CC72867006DA1CC /* SecondaryTableViewController.m */; };
		C2EA1CCE1CC72896006DA1CC /* secondaryTableViewCell.m in Sources */ = {isa = PBXBuildFile; fileRef = C2EA1CCD1CC72896006DA1CC /* secondaryTableViewCell.m */; };
/* End PBXBuildFile section */

/* Begin PBXFileReference section */
		0DB7B0C8D9F5DAFA1B99D7E0 /* Pods.release.xcconfig */ = {isa = PBXFileReference; includeInIndex = 1; lastKnownFileType = text.xcconfig; name = Pods.release.xcconfig; path = "Pods/Target Support Files/Pods/Pods.release.xcconfig"; sourceTree = "<group>"; };
		1E625A8BB053CBD2D3028561 /* Pods.debug.xcconfig */ = {isa = PBXFileReference; includeInIndex = 1; lastKnownFileType = text.xcconfig; name = Pods.debug.xcconfig; path = "Pods/Target Support Files/Pods/Pods.debug.xcconfig"; sourceTree = "<group>"; };
		6DB5C1A782FE78C3F3F7FCFD /* libPods.a */ = {isa = PBXFileReference; explicitFileType = archive.ar; includeInIndex = 0; path = libPods.a; sourceTree = BUILT_PRODUCTS_DIR; };
		C203A8F11CC37A45002C2FB9 /* GroupListCell.h */ = {isa = PBXFileReference; fileEncoding = 4; lastKnownFileType = sourcecode.c.h; path = GroupListCell.h; sourceTree = "<group>"; };
		C203A8F21CC37A45002C2FB9 /* GroupListCell.m */ = {isa = PBXFileReference; fileEncoding = 4; lastKnownFileType = sourcecode.c.objc; path = GroupListCell.m; sourceTree = "<group>"; };
		C203A8F41CC37A58002C2FB9 /* HomePageCell.h */ = {isa = PBXFileReference; fileEncoding = 4; lastKnownFileType = sourcecode.c.h; path = HomePageCell.h; sourceTree = "<group>"; };
		C203A8F51CC37A58002C2FB9 /* HomePageCell.m */ = {isa = PBXFileReference; fileEncoding = 4; lastKnownFileType = sourcecode.c.objc; path = HomePageCell.m; sourceTree = "<group>"; };
		C203A8F71CC37A69002C2FB9 /* GroupListCell.xib */ = {isa = PBXFileReference; fileEncoding = 4; lastKnownFileType = file.xib; path = GroupListCell.xib; sourceTree = "<group>"; };
		C203A8F91CC37A72002C2FB9 /* HomePageCell.xib */ = {isa = PBXFileReference; fileEncoding = 4; lastKnownFileType = file.xib; path = HomePageCell.xib; sourceTree = "<group>"; };
		C203A8FD1CC3A181002C2FB9 /* HomePageListViewController.h */ = {isa = PBXFileReference; fileEncoding = 4; lastKnownFileType = sourcecode.c.h; path = HomePageListViewController.h; sourceTree = "<group>"; };
		C203A8FE1CC3A181002C2FB9 /* HomePageListViewController.m */ = {isa = PBXFileReference; fileEncoding = 4; lastKnownFileType = sourcecode.c.objc; path = HomePageListViewController.m; sourceTree = "<group>"; };
		C203A8FF1CC3A181002C2FB9 /* HomePageListViewController.xib */ = {isa = PBXFileReference; fileEncoding = 4; lastKnownFileType = file.xib; path = HomePageListViewController.xib; sourceTree = "<group>"; };
		C203A9021CC3A4B8002C2FB9 /* NetWorkRequestManager.h */ = {isa = PBXFileReference; fileEncoding = 4; lastKnownFileType = sourcecode.c.h; name = NetWorkRequestManager.h; path = ../CodeClass/TheMainInterface/Views/NetWorkRequestManager.h; sourceTree = "<group>"; };
		C203A9031CC3A4B8002C2FB9 /* NetWorkRequestManager.m */ = {isa = PBXFileReference; fileEncoding = 4; lastKnownFileType = sourcecode.c.objc; name = NetWorkRequestManager.m; path = ../CodeClass/TheMainInterface/Views/NetWorkRequestManager.m; sourceTree = "<group>"; };
		C286BB7B1CC4D7BB00A0CD0B /* heart.png */ = {isa = PBXFileReference; lastKnownFileType = image.png; path = heart.png; sourceTree = "<group>"; };
		C286BB7C1CC4D7BB00A0CD0B /* heartgray.png */ = {isa = PBXFileReference; lastKnownFileType = image.png; path = heartgray.png; sourceTree = "<group>"; };
		C286BB7F1CC4DCDE00A0CD0B /* 666.png */ = {isa = PBXFileReference; lastKnownFileType = image.png; path = 666.png; sourceTree = "<group>"; };
		C28A3E6F1CC86C2100EDF9F5 /* Info.plist */ = {isa = PBXFileReference; fileEncoding = 4; lastKnownFileType = text.plist.xml; path = Info.plist; sourceTree = "<group>"; };
		C291593E1CC5D8BF009FB972 /* DrawerViewController.h */ = {isa = PBXFileReference; fileEncoding = 4; lastKnownFileType = sourcecode.c.h; path = DrawerViewController.h; sourceTree = "<group>"; };
		C291593F1CC5D8BF009FB972 /* DrawerViewController.m */ = {isa = PBXFileReference; fileEncoding = 4; lastKnownFileType = sourcecode.c.objc; path = DrawerViewController.m; sourceTree = "<group>"; };
		C29159401CC5D8BF009FB972 /* MenuViewController.h */ = {isa = PBXFileReference; fileEncoding = 4; lastKnownFileType = sourcecode.c.h; path = MenuViewController.h; sourceTree = "<group>"; };
		C29159411CC5D8BF009FB972 /* MenuViewController.m */ = {isa = PBXFileReference; fileEncoding = 4; lastKnownFileType = sourcecode.c.objc; path = MenuViewController.m; sourceTree = "<group>"; };
		C29159421CC5D8BF009FB972 /* MenuViewController.xib */ = {isa = PBXFileReference; fileEncoding = 4; lastKnownFileType = file.xib; path = MenuViewController.xib; sourceTree = "<group>"; };
		C29159461CC5DCD5009FB972 /* nav_menu_icon@2x.png */ = {isa = PBXFileReference; lastKnownFileType = image.png; path = "nav_menu_icon@2x.png"; sourceTree = "<group>"; };
		C29159531CC5E201009FB972 /* SettingViewController.h */ = {isa = PBXFileReference; fileEncoding = 4; lastKnownFileType = sourcecode.c.h; path = SettingViewController.h; sourceTree = "<group>"; };
		C29159541CC5E201009FB972 /* SettingViewController.m */ = {isa = PBXFileReference; fileEncoding = 4; lastKnownFileType = sourcecode.c.objc; path = SettingViewController.m; sourceTree = "<group>"; };
		C29159551CC5E201009FB972 /* SettingViewController.xib */ = {isa = PBXFileReference; fileEncoding = 4; lastKnownFileType = file.xib; path = SettingViewController.xib; sourceTree = "<group>"; };
		C29159581CC5E229009FB972 /* SelectBookViewController.h */ = {isa = PBXFileReference; fileEncoding = 4; lastKnownFileType = sourcecode.c.h; path = SelectBookViewController.h; sourceTree = "<group>"; };
		C29159591CC5E229009FB972 /* SelectBookViewController.m */ = {isa = PBXFileReference; fileEncoding = 4; lastKnownFileType = sourcecode.c.objc; path = SelectBookViewController.m; sourceTree = "<group>"; };
		C291595A1CC5E229009FB972 /* SelectBookViewController.xib */ = {isa = PBXFileReference; fileEncoding = 4; lastKnownFileType = file.xib; path = SelectBookViewController.xib; sourceTree = "<group>"; };
		C291595D1CC5E255009FB972 /* CollectActionViewController.h */ = {isa = PBXFileReference; fileEncoding = 4; lastKnownFileType = sourcecode.c.h; path = CollectActionViewController.h; sourceTree = "<group>"; };
		C291595E1CC5E255009FB972 /* CollectActionViewController.m */ = {isa = PBXFileReference; fileEncoding = 4; lastKnownFileType = sourcecode.c.objc; path = CollectActionViewController.m; sourceTree = "<group>"; };
		C291595F1CC5E255009FB972 /* CollectActionViewController.xib */ = {isa = PBXFileReference; fileEncoding = 4; lastKnownFileType = file.xib; path = CollectActionViewController.xib; sourceTree = "<group>"; };
		C29159621CC5E269009FB972 /* SelectHobbyViewController.h */ = {isa = PBXFileReference; fileEncoding = 4; lastKnownFileType = sourcecode.c.h; path = SelectHobbyViewController.h; sourceTree = "<group>"; };
		C29159631CC5E269009FB972 /* SelectHobbyViewController.m */ = {isa = PBXFileReference; fileEncoding = 4; lastKnownFileType = sourcecode.c.objc; path = SelectHobbyViewController.m; sourceTree = "<group>"; };
		C29159641CC5E269009FB972 /* SelectHobbyViewController.xib */ = {isa = PBXFileReference; fileEncoding = 4; lastKnownFileType = file.xib; path = SelectHobbyViewController.xib; sourceTree = "<group>"; };
		C29159671CC5E28A009FB972 /* ModfileViewController.h */ = {isa = PBXFileReference; fileEncoding = 4; lastKnownFileType = sourcecode.c.h; path = ModfileViewController.h; sourceTree = "<group>"; };
		C29159681CC5E28A009FB972 /* ModfileViewController.m */ = {isa = PBXFileReference; fileEncoding = 4; lastKnownFileType = sourcecode.c.objc; path = ModfileViewController.m; sourceTree = "<group>"; };
		C29159691CC5E28A009FB972 /* ModfileViewController.xib */ = {isa = PBXFileReference; fileEncoding = 4; lastKnownFileType = file.xib; path = ModfileViewController.xib; sourceTree = "<group>"; };
		C291596C1CC5F082009FB972 /* 1.png */ = {isa = PBXFileReference; lastKnownFileType = image.png; name = 1.png; path = ../CodeClass/1.png; sourceTree = "<group>"; };
		C291596F1CC5F15A009FB972 /* MapAndKindViewController.h */ = {isa = PBXFileReference; fileEncoding = 4; lastKnownFileType = sourcecode.c.h; path = MapAndKindViewController.h; sourceTree = "<group>"; };
		C29159701CC5F15A009FB972 /* MapAndKindViewController.m */ = {isa = PBXFileReference; fileEncoding = 4; lastKnownFileType = sourcecode.c.objc; path = MapAndKindViewController.m; sourceTree = "<group>"; };
		C29159711CC5F15A009FB972 /* MapAndKindViewController.xib */ = {isa = PBXFileReference; fileEncoding = 4; lastKnownFileType = file.xib; path = MapAndKindViewController.xib; sourceTree = "<group>"; };
		C29C61B01CC25D8900E44DDC /* HiWeedend.app */ = {isa = PBXFileReference; explicitFileType = wrapper.application; includeInIndex = 0; path = HiWeedend.app; sourceTree = BUILT_PRODUCTS_DIR; };
		C29C61B41CC25D8900E44DDC /* main.m */ = {isa = PBXFileReference; lastKnownFileType = sourcecode.c.objc; path = main.m; sourceTree = "<group>"; };
		C29C61B91CC25D8900E44DDC /* ViewController.h */ = {isa = PBXFileReference; lastKnownFileType = sourcecode.c.h; path = ViewController.h; sourceTree = "<group>"; };
		C29C61BA1CC25D8900E44DDC /* ViewController.m */ = {isa = PBXFileReference; lastKnownFileType = sourcecode.c.objc; path = ViewController.m; sourceTree = "<group>"; };
		C29C61BD1CC25D8900E44DDC /* Base */ = {isa = PBXFileReference; lastKnownFileType = file.storyboard; name = Base; path = Base.lproj/Main.storyboard; sourceTree = "<group>"; };
		C29C61BF1CC25D8900E44DDC /* Assets.xcassets */ = {isa = PBXFileReference; lastKnownFileType = folder.assetcatalog; path = Assets.xcassets; sourceTree = "<group>"; };
		C29C61C21CC25D8900E44DDC /* Base */ = {isa = PBXFileReference; lastKnownFileType = file.storyboard; name = Base; path = Base.lproj/LaunchScreen.storyboard; sourceTree = "<group>"; };
		C29C61DC1CC267F900E44DDC /* BaseModel.h */ = {isa = PBXFileReference; fileEncoding = 4; lastKnownFileType = sourcecode.c.h; path = BaseModel.h; sourceTree = "<group>"; };
		C29C61DD1CC267F900E44DDC /* BaseModel.m */ = {isa = PBXFileReference; fileEncoding = 4; lastKnownFileType = sourcecode.c.objc; path = BaseModel.m; sourceTree = "<group>"; };
		C29C61DF1CC2681E00E44DDC /* BaseViewController.h */ = {isa = PBXFileReference; fileEncoding = 4; lastKnownFileType = sourcecode.c.h; path = BaseViewController.h; sourceTree = "<group>"; };
		C29C61E01CC2681E00E44DDC /* BaseViewController.m */ = {isa = PBXFileReference; fileEncoding = 4; lastKnownFileType = sourcecode.c.objc; path = BaseViewController.m; sourceTree = "<group>"; };
		C29C61E11CC2681E00E44DDC /* BaseViewController.xib */ = {isa = PBXFileReference; fileEncoding = 4; lastKnownFileType = file.xib; path = BaseViewController.xib; sourceTree = "<group>"; };
		C29C61E41CC268F900E44DDC /* PrefixHeader.pch */ = {isa = PBXFileReference; lastKnownFileType = sourcecode.c.h; path = PrefixHeader.pch; sourceTree = "<group>"; };
		C29C61E51CC2694D00E44DDC /* UrlHeadersDefine.h */ = {isa = PBXFileReference; lastKnownFileType = sourcecode.c.h; path = UrlHeadersDefine.h; sourceTree = "<group>"; };
		C29C61E61CC2695F00E44DDC /* ConstantsDefine.h */ = {isa = PBXFileReference; lastKnownFileType = sourcecode.c.h; path = ConstantsDefine.h; sourceTree = "<group>"; };
		C29C61E71CC2705400E44DDC /* HomePageListModel.h */ = {isa = PBXFileReference; fileEncoding = 4; lastKnownFileType = sourcecode.c.h; path = HomePageListModel.h; sourceTree = "<group>"; };
		C29C61E81CC2705400E44DDC /* HomePageListModel.m */ = {isa = PBXFileReference; fileEncoding = 4; lastKnownFileType = sourcecode.c.objc; path = HomePageListModel.m; sourceTree = "<group>"; };
		C29C61EA1CC27A6F00E44DDC /* GroupListModel.h */ = {isa = PBXFileReference; fileEncoding = 4; lastKnownFileType = sourcecode.c.h; path = GroupListModel.h; sourceTree = "<group>"; };
		C29C61EB1CC27A6F00E44DDC /* GroupListModel.m */ = {isa = PBXFileReference; fileEncoding = 4; lastKnownFileType = sourcecode.c.objc; path = GroupListModel.m; sourceTree = "<group>"; };
		C2BB96A81CC77C4E00090282 /* LocationModel.h */ = {isa = PBXFileReference; fileEncoding = 4; lastKnownFileType = sourcecode.c.h; path = LocationModel.h; sourceTree = "<group>"; };
		C2BB96A91CC77C4E00090282 /* LocationModel.m */ = {isa = PBXFileReference; fileEncoding = 4; lastKnownFileType = sourcecode.c.objc; path = LocationModel.m; sourceTree = "<group>"; };
		C2BB96AB1CC77DF500090282 /* CoreLocation.framework */ = {isa = PBXFileReference; lastKnownFileType = wrapper.framework; name = CoreLocation.framework; path = System/Library/Frameworks/CoreLocation.framework; sourceTree = SDKROOT; };
		C2BB96AD1CC7B60A00090282 /* RequestWithGET.h */ = {isa = PBXFileReference; fileEncoding = 4; lastKnownFileType = sourcecode.c.h; path = RequestWithGET.h; sourceTree = "<group>"; };
		C2BB96AE1CC7B60A00090282 /* RequestWithGET.m */ = {isa = PBXFileReference; fileEncoding = 4; lastKnownFileType = sourcecode.c.objc; path = RequestWithGET.m; sourceTree = "<group>"; };
		C2C349041CC61BF500082B9D /* AppDelegate.h */ = {isa = PBXFileReference; fileEncoding = 4; lastKnownFileType = sourcecode.c.h; name = AppDelegate.h; path = HiWeedend/Appdelegate/AppDelegate.h; sourceTree = SOURCE_ROOT; };
		C2C349051CC61BF500082B9D /* AppDelegate.m */ = {isa = PBXFileReference; fileEncoding = 4; lastKnownFileType = sourcecode.c.objc; name = AppDelegate.m; path = HiWeedend/Appdelegate/AppDelegate.m; sourceTree = SOURCE_ROOT; };
		C2EA1CC61CC7263B006DA1CC /* secondaryModel.h */ = {isa = PBXFileReference; fileEncoding = 4; lastKnownFileType = sourcecode.c.h; path = secondaryModel.h; sourceTree = "<group>"; };
		C2EA1CC71CC7263B006DA1CC /* secondaryModel.m */ = {isa = PBXFileReference; fileEncoding = 4; lastKnownFileType = sourcecode.c.objc; path = secondaryModel.m; sourceTree = "<group>"; };
		C2EA1CC91CC72867006DA1CC /* SecondaryTableViewController.h */ = {isa = PBXFileReference; fileEncoding = 4; lastKnownFileType = sourcecode.c.h; path = SecondaryTableViewController.h; sourceTree = "<group>"; };
		C2EA1CCA1CC72867006DA1CC /* SecondaryTableViewController.m */ = {isa = PBXFileReference; fileEncoding = 4; lastKnownFileType = sourcecode.c.objc; path = SecondaryTableViewController.m; sourceTree = "<group>"; };
		C2EA1CCC1CC72896006DA1CC /* secondaryTableViewCell.h */ = {isa = PBXFileReference; fileEncoding = 4; lastKnownFileType = sourcecode.c.h; path = secondaryTableViewCell.h; sourceTree = "<group>"; };
		C2EA1CCD1CC72896006DA1CC /* secondaryTableViewCell.m */ = {isa = PBXFileReference; fileEncoding = 4; lastKnownFileType = sourcecode.c.objc; path = secondaryTableViewCell.m; sourceTree = "<group>"; };
/* End PBXFileReference section */

/* Begin PBXFrameworksBuildPhase section */
		C29C61AD1CC25D8900E44DDC /* Frameworks */ = {
			isa = PBXFrameworksBuildPhase;
			buildActionMask = 2147483647;
			files = (
				C2BB96AC1CC77DF600090282 /* CoreLocation.framework in Frameworks */,
				5C051DF43FBE9D3EE0CFD6B1 /* libPods.a in Frameworks */,
			);
			runOnlyForDeploymentPostprocessing = 0;
		};
/* End PBXFrameworksBuildPhase section */

/* Begin PBXGroup section */
		61D86DC245D413278FFC80E4 /* Frameworks */ = {
			isa = PBXGroup;
			children = (
				C2BB96AB1CC77DF500090282 /* CoreLocation.framework */,
				6DB5C1A782FE78C3F3F7FCFD /* libPods.a */,
			);
			name = Frameworks;
			sourceTree = "<group>";
		};
		C291593D1CC5D87D009FB972 /* Appdelegate */ = {
			isa = PBXGroup;
			children = (
				C2C349041CC61BF500082B9D /* AppDelegate.h */,
				C2C349051CC61BF500082B9D /* AppDelegate.m */,
			);
			name = Appdelegate;
			path = Tools/Appdelegate;
			sourceTree = "<group>";
		};
		C291594E1CC5E1AA009FB972 /*  selectHobbyVC */ = {
			isa = PBXGroup;
			children = (
				C29159621CC5E269009FB972 /* SelectHobbyViewController.h */,
				C29159631CC5E269009FB972 /* SelectHobbyViewController.m */,
				C29159641CC5E269009FB972 /* SelectHobbyViewController.xib */,
			);
			path = " selectHobbyVC";
			sourceTree = "<group>";
		};
		C291594F1CC5E1AA009FB972 /* coloctActionVC */ = {
			isa = PBXGroup;
			children = (
				C291595D1CC5E255009FB972 /* CollectActionViewController.h */,
				C291595E1CC5E255009FB972 /* CollectActionViewController.m */,
				C291595F1CC5E255009FB972 /* CollectActionViewController.xib */,
			);
			path = coloctActionVC;
			sourceTree = "<group>";
		};
		C29159501CC5E1AA009FB972 /* modfiledVC */ = {
			isa = PBXGroup;
			children = (
				C29159671CC5E28A009FB972 /* ModfileViewController.h */,
				C29159681CC5E28A009FB972 /* ModfileViewController.m */,
				C29159691CC5E28A009FB972 /* ModfileViewController.xib */,
			);
			path = modfiledVC;
			sourceTree = "<group>";
		};
		C29159511CC5E1AA009FB972 /* selectBookVC */ = {
			isa = PBXGroup;
			children = (
				C29159581CC5E229009FB972 /* SelectBookViewController.h */,
				C29159591CC5E229009FB972 /* SelectBookViewController.m */,
				C291595A1CC5E229009FB972 /* SelectBookViewController.xib */,
			);
			path = selectBookVC;
			sourceTree = "<group>";
		};
		C29159521CC5E1AA009FB972 /* settingVC */ = {
			isa = PBXGroup;
			children = (
				C29159531CC5E201009FB972 /* SettingViewController.h */,
				C29159541CC5E201009FB972 /* SettingViewController.m */,
				C29159551CC5E201009FB972 /* SettingViewController.xib */,
			);
			path = settingVC;
			sourceTree = "<group>";
		};
		C291596E1CC5F143009FB972 /* selectMapAndKind */ = {
			isa = PBXGroup;
			children = (
				C291596F1CC5F15A009FB972 /* MapAndKindViewController.h */,
				C29159701CC5F15A009FB972 /* MapAndKindViewController.m */,
				C29159711CC5F15A009FB972 /* MapAndKindViewController.xib */,
			);
			path = selectMapAndKind;
			sourceTree = "<group>";
		};
		C29C61A71CC25D8900E44DDC = {
			isa = PBXGroup;
			children = (
				C29159461CC5DCD5009FB972 /* nav_menu_icon@2x.png */,
				C29C61B21CC25D8900E44DDC /* HiWeedend */,
				C29C61B11CC25D8900E44DDC /* Products */,
				D37304D336AA05F3D7704BB0 /* Pods */,
				61D86DC245D413278FFC80E4 /* Frameworks */,
			);
			sourceTree = "<group>";
		};
		C29C61B11CC25D8900E44DDC /* Products */ = {
			isa = PBXGroup;
			children = (
				C29C61B01CC25D8900E44DDC /* HiWeedend.app */,
			);
			name = Products;
			sourceTree = "<group>";
		};
		C29C61B21CC25D8900E44DDC /* HiWeedend */ = {
			isa = PBXGroup;
			children = (
				C291593D1CC5D87D009FB972 /* Appdelegate */,
				C29C61CA1CC25FD400E44DDC /* Base */,
				C29C61CB1CC25FD400E44DDC /* CodeClass */,
				C29C61DA1CC25FD400E44DDC /* Document */,
				C29C61DB1CC25FD400E44DDC /* Tools */,
				C29C61B91CC25D8900E44DDC /* ViewController.h */,
				C29C61BA1CC25D8900E44DDC /* ViewController.m */,
				C29C61BC1CC25D8900E44DDC /* Main.storyboard */,
				C29C61BF1CC25D8900E44DDC /* Assets.xcassets */,
				C29C61C11CC25D8900E44DDC /* LaunchScreen.storyboard */,
				C28A3E6F1CC86C2100EDF9F5 /* Info.plist */,
				C29C61B31CC25D8900E44DDC /* Supporting Files */,
			);
			path = HiWeedend;
			sourceTree = "<group>";
		};
		C29C61B31CC25D8900E44DDC /* Supporting Files */ = {
			isa = PBXGroup;
			children = (
				C29C61B41CC25D8900E44DDC /* main.m */,
			);
			name = "Supporting Files";
			sourceTree = "<group>";
		};
		C29C61CA1CC25FD400E44DDC /* Base */ = {
			isa = PBXGroup;
			children = (
				C29C61DC1CC267F900E44DDC /* BaseModel.h */,
				C29C61DD1CC267F900E44DDC /* BaseModel.m */,
				C29C61DF1CC2681E00E44DDC /* BaseViewController.h */,
				C29C61E01CC2681E00E44DDC /* BaseViewController.m */,
				C29C61E11CC2681E00E44DDC /* BaseViewController.xib */,
			);
			path = Base;
			sourceTree = "<group>";
		};
		C29C61CB1CC25FD400E44DDC /* CodeClass */ = {
			isa = PBXGroup;
			children = (
				C291596E1CC5F143009FB972 /* selectMapAndKind */,
				C291594E1CC5E1AA009FB972 /*  selectHobbyVC */,
				C291594F1CC5E1AA009FB972 /* coloctActionVC */,
				C29159501CC5E1AA009FB972 /* modfiledVC */,
				C29159511CC5E1AA009FB972 /* selectBookVC */,
				C29159521CC5E1AA009FB972 /* settingVC */,
				C2C348FF1CC5CEF700082B9D /* Select */,
				C2C349031CC5CEF700082B9D /* ShowClass */,
				C29C61CC1CC25FD400E44DDC /* Details */,
				C29C61D01CC25FD400E44DDC /* Menu */,
				C29C61D11CC25FD400E44DDC /* Search */,
				C29C61D21CC25FD400E44DDC /* Secondary */,
				C29C61D61CC25FD400E44DDC /* TheMainInterface */,
			);
			path = CodeClass;
			sourceTree = "<group>";
		};
		C29C61CC1CC25FD400E44DDC /* Details */ = {
			isa = PBXGroup;
			children = (
				C29C61CD1CC25FD400E44DDC /* Model */,
				C29C61CE1CC25FD400E44DDC /* ViewConrollers */,
				C29C61CF1CC25FD400E44DDC /* Views */,
			);
			path = Details;
			sourceTree = "<group>";
		};
		C29C61CD1CC25FD400E44DDC /* Model */ = {
			isa = PBXGroup;
			children = (
			);
			path = Model;
			sourceTree = "<group>";
		};
		C29C61CE1CC25FD400E44DDC /* ViewConrollers */ = {
			isa = PBXGroup;
			children = (
			);
			path = ViewConrollers;
			sourceTree = "<group>";
		};
		C29C61CF1CC25FD400E44DDC /* Views */ = {
			isa = PBXGroup;
			children = (
			);
			path = Views;
			sourceTree = "<group>";
		};
		C29C61D01CC25FD400E44DDC /* Menu */ = {
			isa = PBXGroup;
			children = (
				C291593E1CC5D8BF009FB972 /* DrawerViewController.h */,
				C291593F1CC5D8BF009FB972 /* DrawerViewController.m */,
				C29159401CC5D8BF009FB972 /* MenuViewController.h */,
				C29159411CC5D8BF009FB972 /* MenuViewController.m */,
				C29159421CC5D8BF009FB972 /* MenuViewController.xib */,
			);
			path = Menu;
			sourceTree = "<group>";
		};
		C29C61D11CC25FD400E44DDC /* Search */ = {
			isa = PBXGroup;
			children = (
			);
			path = Search;
			sourceTree = "<group>";
		};
		C29C61D21CC25FD400E44DDC /* Secondary */ = {
			isa = PBXGroup;
			children = (
				C29C61D31CC25FD400E44DDC /* Model */,
				C29C61D41CC25FD400E44DDC /* ViewControllers */,
				C29C61D51CC25FD400E44DDC /* Views */,
			);
			path = Secondary;
			sourceTree = "<group>";
		};
		C29C61D31CC25FD400E44DDC /* Model */ = {
			isa = PBXGroup;
			children = (
				C2EA1CC61CC7263B006DA1CC /* secondaryModel.h */,
				C2EA1CC71CC7263B006DA1CC /* secondaryModel.m */,
			);
			path = Model;
			sourceTree = "<group>";
		};
		C29C61D41CC25FD400E44DDC /* ViewControllers */ = {
			isa = PBXGroup;
			children = (
				C2EA1CC91CC72867006DA1CC /* SecondaryTableViewController.h */,
				C2EA1CCA1CC72867006DA1CC /* SecondaryTableViewController.m */,
			);
			path = ViewControllers;
			sourceTree = "<group>";
		};
		C29C61D51CC25FD400E44DDC /* Views */ = {
			isa = PBXGroup;
			children = (
				C2EA1CCC1CC72896006DA1CC /* secondaryTableViewCell.h */,
				C2EA1CCD1CC72896006DA1CC /* secondaryTableViewCell.m */,
			);
			path = Views;
			sourceTree = "<group>";
		};
		C29C61D61CC25FD400E44DDC /* TheMainInterface */ = {
			isa = PBXGroup;
			children = (
				C29C61D71CC25FD400E44DDC /* Model */,
				C29C61D81CC25FD400E44DDC /* ViewConrollers */,
				C29C61D91CC25FD400E44DDC /* Views */,
			);
			path = TheMainInterface;
			sourceTree = "<group>";
		};
		C29C61D71CC25FD400E44DDC /* Model */ = {
			isa = PBXGroup;
			children = (
				C29C61E71CC2705400E44DDC /* HomePageListModel.h */,
				C29C61E81CC2705400E44DDC /* HomePageListModel.m */,
				C29C61EA1CC27A6F00E44DDC /* GroupListModel.h */,
				C29C61EB1CC27A6F00E44DDC /* GroupListModel.m */,
				C2BB96A81CC77C4E00090282 /* LocationModel.h */,
				C2BB96A91CC77C4E00090282 /* LocationModel.m */,
			);
			path = Model;
			sourceTree = "<group>";
		};
		C29C61D81CC25FD400E44DDC /* ViewConrollers */ = {
			isa = PBXGroup;
			children = (
				C203A8FD1CC3A181002C2FB9 /* HomePageListViewController.h */,
				C203A8FE1CC3A181002C2FB9 /* HomePageListViewController.m */,
				C203A8FF1CC3A181002C2FB9 /* HomePageListViewController.xib */,
			);
			path = ViewConrollers;
			sourceTree = "<group>";
		};
		C29C61D91CC25FD400E44DDC /* Views */ = {
			isa = PBXGroup;
			children = (
				C203A8F11CC37A45002C2FB9 /* GroupListCell.h */,
				C203A8F21CC37A45002C2FB9 /* GroupListCell.m */,
				C203A8F71CC37A69002C2FB9 /* GroupListCell.xib */,
				C203A8F41CC37A58002C2FB9 /* HomePageCell.h */,
				C203A8F51CC37A58002C2FB9 /* HomePageCell.m */,
				C203A8F91CC37A72002C2FB9 /* HomePageCell.xib */,
			);
			path = Views;
			sourceTree = "<group>";
		};
		C29C61DA1CC25FD400E44DDC /* Document */ = {
			isa = PBXGroup;
			children = (
				C291596C1CC5F082009FB972 /* 1.png */,
				C286BB7F1CC4DCDE00A0CD0B /* 666.png */,
				C286BB7B1CC4D7BB00A0CD0B /* heart.png */,
				C286BB7C1CC4D7BB00A0CD0B /* heartgray.png */,
			);
			path = Document;
			sourceTree = "<group>";
		};
		C29C61DB1CC25FD400E44DDC /* Tools */ = {
			isa = PBXGroup;
			children = (
				C203A9021CC3A4B8002C2FB9 /* NetWorkRequestManager.h */,
				C203A9031CC3A4B8002C2FB9 /* NetWorkRequestManager.m */,
				C29C61E41CC268F900E44DDC /* PrefixHeader.pch */,
				C29C61E51CC2694D00E44DDC /* UrlHeadersDefine.h */,
				C29C61E61CC2695F00E44DDC /* ConstantsDefine.h */,
				C2BB96AD1CC7B60A00090282 /* RequestWithGET.h */,
				C2BB96AE1CC7B60A00090282 /* RequestWithGET.m */,
			);
			path = Tools;
			sourceTree = "<group>";
		};
		C2C348FF1CC5CEF700082B9D /* Select */ = {
			isa = PBXGroup;
			children = (
				C2C349001CC5CEF700082B9D /* CityAndClassFile */,
				C2C349021CC5CEF700082B9D /* MapSearch */,
			);
			path = Select;
			sourceTree = "<group>";
		};
		C2C349001CC5CEF700082B9D /* CityAndClassFile */ = {
			isa = PBXGroup;
			children = (
				C2C349011CC5CEF700082B9D /* CityClassViewController */,
			);
			path = CityAndClassFile;
			sourceTree = "<group>";
		};
		C2C349011CC5CEF700082B9D /* CityClassViewController */ = {
			isa = PBXGroup;
			children = (
			);
			path = CityClassViewController;
			sourceTree = "<group>";
		};
		C2C349021CC5CEF700082B9D /* MapSearch */ = {
			isa = PBXGroup;
			children = (
			);
			path = MapSearch;
			sourceTree = "<group>";
		};
		C2C349031CC5CEF700082B9D /* ShowClass */ = {
			isa = PBXGroup;
			children = (
			);
			path = ShowClass;
			sourceTree = "<group>";
		};
		D37304D336AA05F3D7704BB0 /* Pods */ = {
			isa = PBXGroup;
			children = (
				1E625A8BB053CBD2D3028561 /* Pods.debug.xcconfig */,
				0DB7B0C8D9F5DAFA1B99D7E0 /* Pods.release.xcconfig */,
			);
			name = Pods;
			sourceTree = "<group>";
		};
/* End PBXGroup section */

/* Begin PBXNativeTarget section */
		C29C61AF1CC25D8900E44DDC /* HiWeedend */ = {
			isa = PBXNativeTarget;
			buildConfigurationList = C29C61C71CC25D8900E44DDC /* Build configuration list for PBXNativeTarget "HiWeedend" */;
			buildPhases = (
				50DE44DAE347EBFC81A32F02 /* Check Pods Manifest.lock */,
				C29C61AC1CC25D8900E44DDC /* Sources */,
				C29C61AD1CC25D8900E44DDC /* Frameworks */,
				C29C61AE1CC25D8900E44DDC /* Resources */,
				6EC36CB27F26547AE144F1E2 /* Embed Pods Frameworks */,
				440532A98C593AC67F3F817E /* Copy Pods Resources */,
			);
			buildRules = (
			);
			dependencies = (
			);
			name = HiWeedend;
			productName = HiWeedend;
			productReference = C29C61B01CC25D8900E44DDC /* HiWeedend.app */;
			productType = "com.apple.product-type.application";
		};
/* End PBXNativeTarget section */

/* Begin PBXProject section */
		C29C61A81CC25D8900E44DDC /* Project object */ = {
			isa = PBXProject;
			attributes = {
				LastUpgradeCheck = 0720;
				ORGANIZATIONNAME = "高艳闯";
				TargetAttributes = {
					C29C61AF1CC25D8900E44DDC = {
						CreatedOnToolsVersion = 7.2;
						DevelopmentTeam = TA5737D738;
					};
				};
			};
			buildConfigurationList = C29C61AB1CC25D8900E44DDC /* Build configuration list for PBXProject "HiWeedend" */;
			compatibilityVersion = "Xcode 3.2";
			developmentRegion = English;
			hasScannedForEncodings = 0;
			knownRegions = (
				en,
				Base,
			);
			mainGroup = C29C61A71CC25D8900E44DDC;
			productRefGroup = C29C61B11CC25D8900E44DDC /* Products */;
			projectDirPath = "";
			projectRoot = "";
			targets = (
				C29C61AF1CC25D8900E44DDC /* HiWeedend */,
			);
		};
/* End PBXProject section */

/* Begin PBXResourcesBuildPhase section */
		C29C61AE1CC25D8900E44DDC /* Resources */ = {
			isa = PBXResourcesBuildPhase;
			buildActionMask = 2147483647;
			files = (
				C286BB7D1CC4D7BB00A0CD0B /* heart.png in Resources */,
				C29159661CC5E269009FB972 /* SelectHobbyViewController.xib in Resources */,
				C291595C1CC5E229009FB972 /* SelectBookViewController.xib in Resources */,
				C203A9011CC3A181002C2FB9 /* HomePageListViewController.xib in Resources */,
				C286BB7E1CC4D7BB00A0CD0B /* heartgray.png in Resources */,
				C29159731CC5F15A009FB972 /* MapAndKindViewController.xib in Resources */,
				C29159571CC5E201009FB972 /* SettingViewController.xib in Resources */,
				C29C61C31CC25D8900E44DDC /* LaunchScreen.storyboard in Resources */,
				C28A3E701CC86C2100EDF9F5 /* Info.plist in Resources */,
				C291596B1CC5E28A009FB972 /* ModfileViewController.xib in Resources */,
				C29159611CC5E255009FB972 /* CollectActionViewController.xib in Resources */,
				C291596D1CC5F082009FB972 /* 1.png in Resources */,
				C29C61E31CC2681E00E44DDC /* BaseViewController.xib in Resources */,
				C29C61C01CC25D8900E44DDC /* Assets.xcassets in Resources */,
				C29159471CC5DCD5009FB972 /* nav_menu_icon@2x.png in Resources */,
				C203A8FA1CC37A72002C2FB9 /* HomePageCell.xib in Resources */,
				C29159451CC5D8BF009FB972 /* MenuViewController.xib in Resources */,
				C29C61BE1CC25D8900E44DDC /* Main.storyboard in Resources */,
				C286BB801CC4DCDE00A0CD0B /* 666.png in Resources */,
				C203A8F81CC37A69002C2FB9 /* GroupListCell.xib in Resources */,
			);
			runOnlyForDeploymentPostprocessing = 0;
		};
/* End PBXResourcesBuildPhase section */

/* Begin PBXShellScriptBuildPhase section */
		440532A98C593AC67F3F817E /* Copy Pods Resources */ = {
			isa = PBXShellScriptBuildPhase;
			buildActionMask = 2147483647;
			files = (
			);
			inputPaths = (
			);
			name = "Copy Pods Resources";
			outputPaths = (
			);
			runOnlyForDeploymentPostprocessing = 0;
			shellPath = /bin/sh;
			shellScript = "\"${SRCROOT}/Pods/Target Support Files/Pods/Pods-resources.sh\"\n";
			showEnvVarsInLog = 0;
		};
		50DE44DAE347EBFC81A32F02 /* Check Pods Manifest.lock */ = {
			isa = PBXShellScriptBuildPhase;
			buildActionMask = 2147483647;
			files = (
			);
			inputPaths = (
			);
			name = "Check Pods Manifest.lock";
			outputPaths = (
			);
			runOnlyForDeploymentPostprocessing = 0;
			shellPath = /bin/sh;
			shellScript = "diff \"${PODS_ROOT}/../Podfile.lock\" \"${PODS_ROOT}/Manifest.lock\" > /dev/null\nif [[ $? != 0 ]] ; then\n    cat << EOM\nerror: The sandbox is not in sync with the Podfile.lock. Run 'pod install' or update your CocoaPods installation.\nEOM\n    exit 1\nfi\n";
			showEnvVarsInLog = 0;
		};
		6EC36CB27F26547AE144F1E2 /* Embed Pods Frameworks */ = {
			isa = PBXShellScriptBuildPhase;
			buildActionMask = 2147483647;
			files = (
			);
			inputPaths = (
			);
			name = "Embed Pods Frameworks";
			outputPaths = (
			);
			runOnlyForDeploymentPostprocessing = 0;
			shellPath = /bin/sh;
			shellScript = "\"${SRCROOT}/Pods/Target Support Files/Pods/Pods-frameworks.sh\"\n";
			showEnvVarsInLog = 0;
		};
/* End PBXShellScriptBuildPhase section */

/* Begin PBXSourcesBuildPhase section */
		C29C61AC1CC25D8900E44DDC /* Sources */ = {
			isa = PBXSourcesBuildPhase;
			buildActionMask = 2147483647;
			files = (
				C2C349061CC61BF500082B9D /* AppDelegate.m in Sources */,
				C29C61BB1CC25D8900E44DDC /* ViewController.m in Sources */,
				C2EA1CCB1CC72867006DA1CC /* SecondaryTableViewController.m in Sources */,
				C29C61E21CC2681E00E44DDC /* BaseViewController.m in Sources */,
				C291595B1CC5E229009FB972 /* SelectBookViewController.m in Sources */,
				C29159561CC5E201009FB972 /* SettingViewController.m in Sources */,
				C291596A1CC5E28A009FB972 /* ModfileViewController.m in Sources */,
				C29159721CC5F15A009FB972 /* MapAndKindViewController.m in Sources */,
				C29C61EC1CC27A6F00E44DDC /* GroupListModel.m in Sources */,
				C2BB96AF1CC7B60A00090282 /* RequestWithGET.m in Sources */,
				C29159441CC5D8BF009FB972 /* MenuViewController.m in Sources */,
				C29C61E91CC2705400E44DDC /* HomePageListModel.m in Sources */,
				C203A9041CC3A4B8002C2FB9 /* NetWorkRequestManager.m in Sources */,
				C2EA1CCE1CC72896006DA1CC /* secondaryTableViewCell.m in Sources */,
				C203A8F61CC37A58002C2FB9 /* HomePageCell.m in Sources */,
				C2EA1CC81CC7263B006DA1CC /* secondaryModel.m in Sources */,
				C203A9001CC3A181002C2FB9 /* HomePageListViewController.m in Sources */,
				C29159601CC5E255009FB972 /* CollectActionViewController.m in Sources */,
				C29C61DE1CC267F900E44DDC /* BaseModel.m in Sources */,
				C29159431CC5D8BF009FB972 /* DrawerViewController.m in Sources */,
				C2BB96AA1CC77C4E00090282 /* LocationModel.m in Sources */,
				C203A8F31CC37A45002C2FB9 /* GroupListCell.m in Sources */,
				C29C61B51CC25D8900E44DDC /* main.m in Sources */,
				C29159651CC5E269009FB972 /* SelectHobbyViewController.m in Sources */,
			);
			runOnlyForDeploymentPostprocessing = 0;
		};
/* End PBXSourcesBuildPhase section */

/* Begin PBXVariantGroup section */
		C29C61BC1CC25D8900E44DDC /* Main.storyboard */ = {
			isa = PBXVariantGroup;
			children = (
				C29C61BD1CC25D8900E44DDC /* Base */,
			);
			name = Main.storyboard;
			sourceTree = "<group>";
		};
		C29C61C11CC25D8900E44DDC /* LaunchScreen.storyboard */ = {
			isa = PBXVariantGroup;
			children = (
				C29C61C21CC25D8900E44DDC /* Base */,
			);
			name = LaunchScreen.storyboard;
			sourceTree = "<group>";
		};
/* End PBXVariantGroup section */

/* Begin XCBuildConfiguration section */
		C29C61C51CC25D8900E44DDC /* Debug */ = {
			isa = XCBuildConfiguration;
			buildSettings = {
				ALWAYS_SEARCH_USER_PATHS = NO;
				CLANG_CXX_LANGUAGE_STANDARD = "gnu++0x";
				CLANG_CXX_LIBRARY = "libc++";
				CLANG_ENABLE_MODULES = YES;
				CLANG_ENABLE_OBJC_ARC = YES;
				CLANG_WARN_BOOL_CONVERSION = YES;
				CLANG_WARN_CONSTANT_CONVERSION = YES;
				CLANG_WARN_DIRECT_OBJC_ISA_USAGE = YES_ERROR;
				CLANG_WARN_EMPTY_BODY = YES;
				CLANG_WARN_ENUM_CONVERSION = YES;
				CLANG_WARN_INT_CONVERSION = YES;
				CLANG_WARN_OBJC_ROOT_CLASS = YES_ERROR;
				CLANG_WARN_UNREACHABLE_CODE = YES;
				CLANG_WARN__DUPLICATE_METHOD_MATCH = YES;
				"CODE_SIGN_IDENTITY[sdk=iphoneos*]" = "iPhone Developer";
				COPY_PHASE_STRIP = NO;
				DEBUG_INFORMATION_FORMAT = dwarf;
				ENABLE_STRICT_OBJC_MSGSEND = YES;
				ENABLE_TESTABILITY = YES;
				GCC_C_LANGUAGE_STANDARD = gnu99;
				GCC_DYNAMIC_NO_PIC = NO;
				GCC_NO_COMMON_BLOCKS = YES;
				GCC_OPTIMIZATION_LEVEL = 0;
				GCC_PREPROCESSOR_DEFINITIONS = (
					"DEBUG=1",
					"$(inherited)",
				);
				GCC_WARN_64_TO_32_BIT_CONVERSION = YES;
				GCC_WARN_ABOUT_RETURN_TYPE = YES_ERROR;
				GCC_WARN_UNDECLARED_SELECTOR = YES;
				GCC_WARN_UNINITIALIZED_AUTOS = YES_AGGRESSIVE;
				GCC_WARN_UNUSED_FUNCTION = YES;
				GCC_WARN_UNUSED_VARIABLE = YES;
				IPHONEOS_DEPLOYMENT_TARGET = 9.2;
				MTL_ENABLE_DEBUG_INFO = YES;
				ONLY_ACTIVE_ARCH = YES;
				PROVISIONING_PROFILE = "a09f93e8-2582-4e9c-bf4e-b7643fadd0d0";
				SDKROOT = iphoneos;
				TARGETED_DEVICE_FAMILY = "1,2";
			};
			name = Debug;
		};
		C29C61C61CC25D8900E44DDC /* Release */ = {
			isa = XCBuildConfiguration;
			buildSettings = {
				ALWAYS_SEARCH_USER_PATHS = NO;
				CLANG_CXX_LANGUAGE_STANDARD = "gnu++0x";
				CLANG_CXX_LIBRARY = "libc++";
				CLANG_ENABLE_MODULES = YES;
				CLANG_ENABLE_OBJC_ARC = YES;
				CLANG_WARN_BOOL_CONVERSION = YES;
				CLANG_WARN_CONSTANT_CONVERSION = YES;
				CLANG_WARN_DIRECT_OBJC_ISA_USAGE = YES_ERROR;
				CLANG_WARN_EMPTY_BODY = YES;
				CLANG_WARN_ENUM_CONVERSION = YES;
				CLANG_WARN_INT_CONVERSION = YES;
				CLANG_WARN_OBJC_ROOT_CLASS = YES_ERROR;
				CLANG_WARN_UNREACHABLE_CODE = YES;
				CLANG_WARN__DUPLICATE_METHOD_MATCH = YES;
				"CODE_SIGN_IDENTITY[sdk=iphoneos*]" = "iPhone Developer";
				COPY_PHASE_STRIP = NO;
				DEBUG_INFORMATION_FORMAT = "dwarf-with-dsym";
				ENABLE_NS_ASSERTIONS = NO;
				ENABLE_STRICT_OBJC_MSGSEND = YES;
				GCC_C_LANGUAGE_STANDARD = gnu99;
				GCC_NO_COMMON_BLOCKS = YES;
				GCC_WARN_64_TO_32_BIT_CONVERSION = YES;
				GCC_WARN_ABOUT_RETURN_TYPE = YES_ERROR;
				GCC_WARN_UNDECLARED_SELECTOR = YES;
				GCC_WARN_UNINITIALIZED_AUTOS = YES_AGGRESSIVE;
				GCC_WARN_UNUSED_FUNCTION = YES;
				GCC_WARN_UNUSED_VARIABLE = YES;
				IPHONEOS_DEPLOYMENT_TARGET = 9.2;
				MTL_ENABLE_DEBUG_INFO = NO;
				PROVISIONING_PROFILE = "a09f93e8-2582-4e9c-bf4e-b7643fadd0d0";
				SDKROOT = iphoneos;
				TARGETED_DEVICE_FAMILY = "1,2";
				VALIDATE_PRODUCT = YES;
			};
			name = Release;
		};
		C29C61C81CC25D8900E44DDC /* Debug */ = {
			isa = XCBuildConfiguration;
			baseConfigurationReference = 1E625A8BB053CBD2D3028561 /* Pods.debug.xcconfig */;
			buildSettings = {
				ASSETCATALOG_COMPILER_APPICON_NAME = AppIcon;
				CODE_SIGN_IDENTITY = "iPhone Developer";
				"CODE_SIGN_IDENTITY[sdk=iphoneos*]" = "iPhone Developer";
				GCC_PREFIX_HEADER = "$(SRCROOT)/HiWeedend/Tools/PrefixHeader.pch";
				INFOPLIST_FILE = HiWeedend/Info.plist;
				IPHONEOS_DEPLOYMENT_TARGET = 9.0;
				LD_RUNPATH_SEARCH_PATHS = "$(inherited) @executable_path/Frameworks";
				PRODUCT_BUNDLE_IDENTIFIER = com.lanou01.123123123asdasd;
				PRODUCT_NAME = "$(TARGET_NAME)";
				PROVISIONING_PROFILE = "";
			};
			name = Debug;
		};
		C29C61C91CC25D8900E44DDC /* Release */ = {
			isa = XCBuildConfiguration;
			baseConfigurationReference = 0DB7B0C8D9F5DAFA1B99D7E0 /* Pods.release.xcconfig */;
			buildSettings = {
				ASSETCATALOG_COMPILER_APPICON_NAME = AppIcon;
				CODE_SIGN_IDENTITY = "iPhone Developer";
				"CODE_SIGN_IDENTITY[sdk=iphoneos*]" = "iPhone Developer";
				GCC_PREFIX_HEADER = "$(SRCROOT)/HiWeedend/Tools/PrefixHeader.pch";
				INFOPLIST_FILE = HiWeedend/Info.plist;
				IPHONEOS_DEPLOYMENT_TARGET = 9.0;
				LD_RUNPATH_SEARCH_PATHS = "$(inherited) @executable_path/Frameworks";
				PRODUCT_BUNDLE_IDENTIFIER = com.lanou01.123123123asdasd;
				PRODUCT_NAME = "$(TARGET_NAME)";
				PROVISIONING_PROFILE = "";
			};
			name = Release;
		};
/* End XCBuildConfiguration section */

/* Begin XCConfigurationList section */
		C29C61AB1CC25D8900E44DDC /* Build configuration list for PBXProject "HiWeedend" */ = {
			isa = XCConfigurationList;
			buildConfigurations = (
				C29C61C51CC25D8900E44DDC /* Debug */,
				C29C61C61CC25D8900E44DDC /* Release */,
			);
			defaultConfigurationIsVisible = 0;
			defaultConfigurationName = Release;
		};
		C29C61C71CC25D8900E44DDC /* Build configuration list for PBXNativeTarget "HiWeedend" */ = {
			isa = XCConfigurationList;
			buildConfigurations = (
				C29C61C81CC25D8900E44DDC /* Debug */,
				C29C61C91CC25D8900E44DDC /* Release */,
			);
			defaultConfigurationIsVisible = 0;
			defaultConfigurationName = Release;
		};
/* End XCConfigurationList section */
	};
	rootObject = C29C61A81CC25D8900E44DDC /* Project object */;
}
